
Microsoft Visual Studio Solution File, Format Version 12.00
# Visual Studio Version 17
VisualStudioVersion = 17.2.32616.157
MinimumVisualStudioVersion = 10.0.40219.1
Project("{FAE04EC0-301F-11D3-BF4B-00C04F79EFBC}") = "okoshko", "okoshko.csproj", "{449B7098-A19E-441F-89AE-0EE25DC2E859}"
EndProject
Global
	GlobalSection(SolutionConfigurationPlatforms) = preSolution
		Debug|Any CPU = Debug|Any CPU
		Release|Any CPU = Release|Any CPU
	EndGlobalSection
	GlobalSection(ProjectConfigurationPlatforms) = postSolution
		{449B7098-A19E-441F-89AE-0EE25DC2E859}.Debug|Any CPU.ActiveCfg = Debug|Any CPU
		{449B7098-A19E-441F-89AE-0EE25DC2E859}.Debug|Any CPU.Build.0 = Debug|Any CPU
		{449B7098-A19E-441F-89AE-0EE25DC2E859}.Release|Any CPU.ActiveCfg = Release|Any CPU
		{449B7098-A19E-441F-89AE-0EE25DC2E859}.Release|Any CPU.Build.0 = Release|Any CPU
	EndGlobalSection
	GlobalSection(SolutionProperties) = preSolution
		HideSolutionNode = FALSE
	EndGlobalSection
	GlobalSection(ExtensibilityGlobals) = postSolution
		SolutionGuid = {0D299F00-22DC-4317-8FE7-73F434DE2F0B}
	EndGlobalSection
EndGlobal
